<?xml version="1.0" encoding="utf-8"?>
<Project ToolsVersion="4.0" xmlns="http://schemas.microsoft.com/developer/msbuild/2003">
  <ItemGroup>
    <Filter Include="headers">
      <UniqueIdentifier>{93995380-89BD-4b04-88EB-625FBE52EBFB}</UniqueIdentifier>
      <Extensions>h;hh;hpp;hxx;h++;hm;inl;inc;ipp;xsd</Extensions>
    </Filter>
    <Filter Include="resources">
      <UniqueIdentifier>{67DA6AB6-F800-4c08-8B7A-83BB121AAD01}</UniqueIdentifier>
      <Extensions>rc;ico;cur;bmp;dlg;rc2;rct;bin;rgs;gif;jpg;jpeg;jpe;resx;tiff;tif;png;wav;mfcribbon-ms</Extensions>
    </Filter>
    <Filter Include="sources">
      <UniqueIdentifier>{4FC737F1-C7A5-4376-A066-2A32D752A2FF}</UniqueIdentifier>
      <Extensions>cpp;c;cc;cxx;c++;cppm;ixx;def;odl;idl;hpj;bat;asm;asmx</Extensions>
    </Filter>
    <Filter Include="sources\States">
      <UniqueIdentifier>{bb28ecef-9a4a-4231-9b59-1a3629857d18}</UniqueIdentifier>
    </Filter>
    <Filter Include="headers\States">
      <UniqueIdentifier>{71a22ab8-f216-4140-8320-59460e01cab8}</UniqueIdentifier>
    </Filter>
    <Filter Include="include">
      <UniqueIdentifier>{11a1b0dd-277a-41dd-bd80-bf943212d11d}</UniqueIdentifier>
    </Filter>
    <Filter Include="include\imgui">
      <UniqueIdentifier>{e7add92f-278c-400f-b74b-20d9d3225711}</UniqueIdentifier>
    </Filter>
  </ItemGroup>
  <ItemGroup>
    <ClCompile Include="sources\main.cpp">
      <Filter>sources</Filter>
    </ClCompile>
    <ClCompile Include="sources\Engine.cpp">
      <Filter>sources</Filter>
    </ClCompile>
    <ClCompile Include="sources\States\MenuState.cpp">
      <Filter>sources\States</Filter>
    </ClCompile>
    <ClCompile Include="include\imgui\imgui_tables.cpp">
      <Filter>include\imgui</Filter>
    </ClCompile>
    <ClCompile Include="include\imgui\imgui_widgets.cpp">
      <Filter>include\imgui</Filter>
    </ClCompile>
    <ClCompile Include="include\imgui\imgui-SFML.cpp">
      <Filter>include\imgui</Filter>
    </ClCompile>
    <ClCompile Include="include\imgui\imgui.cpp">
      <Filter>include\imgui</Filter>
    </ClCompile>
    <ClCompile Include="include\imgui\imgui_draw.cpp">
      <Filter>include\imgui</Filter>
    </ClCompile>
    <ClCompile Include="sources\States\CameraState.cpp">
      <Filter>sources\States</Filter>
    </ClCompile>
  </ItemGroup>
  <ItemGroup>
    <ClInclude Include="headers\IEngineState.hpp">
      <Filter>headers</Filter>
    </ClInclude>
    <ClInclude Include="headers\states\MenuState.hpp">
      <Filter>headers\States</Filter>
    </ClInclude>
    <ClInclude Include="headers\Engine.hpp">
      <Filter>headers</Filter>
    </ClInclude>
    <ClInclude Include="headers\States\CameraState.hpp">
      <Filter>headers\States</Filter>
    </ClInclude>
  </ItemGroup>
  <ItemGroup>
    <Image Include="resources\bawls.png">
      <Filter>resources</Filter>
    </Image>
    <Image Include="resources\cat.png">
      <Filter>resources</Filter>
    </Image>
    <Image Include="resources\empty.png">
      <Filter>resources</Filter>
    </Image>
    <Image Include="resources\meat.png">
      <Filter>resources</Filter>
    </Image>
    <Image Include="resources\roomDown.png">
      <Filter>resources</Filter>
    </Image>
    <Image Include="resources\roomLeft.png">
      <Filter>resources</Filter>
    </Image>
    <Image Include="resources\roomRight.png">
      <Filter>resources</Filter>
    </Image>
    <Image Include="resources\roomUp.png">
      <Filter>resources</Filter>
    </Image>
    <Image Include="resources\water.png">
      <Filter>resources</Filter>
    </Image>
  </ItemGroup>
  <ItemGroup>
    <None Include="resources\roomDown.aseprite">
      <Filter>resources</Filter>
    </None>
    <None Include="resources\roomLeft.aseprite">
      <Filter>resources</Filter>
    </None>
    <None Include="resources\roomRight.aseprite">
      <Filter>resources</Filter>
    </None>
    <None Include="resources\roomUp.aseprite">
      <Filter>resources</Filter>
    </None>
    <None Include="resources\bawls.aseprite">
      <Filter>resources</Filter>
    </None>
  </ItemGroup>
</Project>